# THIS IS AN AUTOGENERATED FILE. DO NOT EDIT THIS FILE DIRECTLY.
assets/3.2_implant_cutaway_view.jpg:
  development: 2018-10-01T03:04:17-04:00   3138e3ae1bab7481fffeb5d00af2b9b7
assets/3.2GT.jpg:
  development: 2018-10-01T03:04:16-04:00   0ef85dd97f542c7298e628a4d9d4a9e4
assets/3.2GT_original.jpg:
  development: 2018-10-01T03:04:17-04:00   0671d9520adfe4b2e006e4e24b9e25b8
assets/3.3SW.jpg:
  development: 2018-10-01T03:04:17-04:00   33b435f539880cfdec99df665876af9d
assets/3.3SW_original.jpg:
  development: 2018-10-01T03:04:17-04:00   4e4de2e0a6671fa664e2fe04bf84e204
assets/3.5GT.jpg:
  development: 2018-10-01T03:04:18-04:00   550fbc047d76c862d462ff9f8beebe16
assets/3.5GT_original.jpg:
  development: 2018-10-01T03:04:18-04:00   f7818a58a67ad21d5c402742af63f1a1
assets/3.7SW.jpg:
  development: 2018-10-01T03:04:18-04:00   e8ca0c39bebce77982302f8f5952984d
assets/3.7SW_original.jpg:
  development: 2018-10-01T03:04:19-04:00   6262579f9f7585bcd71cb1c6871d5f83
assets/3.7T.jpg:
  development: 2018-10-01T03:04:19-04:00   ea0fc78e52142eb1bc61f848769838d5
assets/3.7T_original.jpg:
  development: 2018-10-01T03:04:19-04:00   472ae599703d073041f77c4f6e9a19a0
assets/3.8animation.mp4:
  development: 2018-10-01T03:04:20-04:00   b2218bd8d883c42bce651058fac85eb4
assets/4.5GT.jpg:
  development: 2018-10-01T03:04:20-04:00   2d7404c653da1853116d3ef5680d79c3
assets/4.5GT_original.jpg:
  development: 2018-10-01T03:04:20-04:00   8545693070ba1e17d028d2620f06b01c
assets/4.7StraightWall.jpg:
  development: 2018-10-01T03:04:21-04:00   1771747b15c96ae94442a64b2a5c9a97
assets/4.7StraightWall_original.jpg:
  development: 2018-10-01T03:04:21-04:00   7f8193f4b99171de3e00bc7cfeaedee7
assets/4.7T.jpg:
  development: 2018-10-01T03:04:21-04:00   e259d172e3ac2bddad42b3268cbb0bb6
assets/4.7T_original.jpg:
  development: 2018-10-01T03:04:21-04:00   a5a5491e1468d336a28312a3ba81072f
assets/5.7GT.jpg:
  development: 2018-10-01T03:04:22-04:00   e4b77fc51c66e466e1a80c5542f99edd
assets/5.7GT_original.jpg:
  development: 2018-10-01T03:04:22-04:00   489ae8d22bbadbe3818765594df43c7c
assets/ADI_BlueMagicSystem-02.jpg:
  development: 2018-10-01T03:04:22-04:00   c44cb476a7bbd344fadc7bd2a0fc218f
assets/ADI_WebsiteImage4.jpg:
  development: 2018-11-06T12:58:29-05:00   d7e2b0e378e81d4eac518f047c43cc5f
assets/SkinnySkit6_1.gif:
  development: 2018-10-01T03:04:23-04:00   d352e2d9dd10909e1398044210e85437
assets/Slide_4.gif:
  development: 2018-10-01T03:04:24-04:00   d352e2d9dd10909e1398044210e85437
assets/XL5.7_Taper_Implant.jpg:
  development: 2018-10-01T03:04:24-04:00   5c4c9d1e76b0e3e345642709e5a22309
assets/XL5.7_Taper_Implant_original.jpg:
  development: 2018-10-01T03:04:24-04:00   7e353608ec29b81c2b5e8f3340e33b33
assets/ajaxify.js.liquid:
  development: 2018-10-01T03:04:24-04:00   0cb0b13d9bb9563f30d6a2eaaa8c9cbb
assets/ajaxify.scss.liquid:
  development: 2018-10-01T03:04:25-04:00   abe1d840d3e59232d2550f27c79f432a
assets/animation.gif:
  development: 2018-10-01T03:04:25-04:00   67f3bc6f7d4843033c0950e598f19049
assets/animation_r6_00000.jpg:
  development: 2018-10-01T03:04:26-04:00   a8390b9a0250639194ef801dea7c0d66
assets/arrow-down.svg.liquid:
  development: 2018-10-01T03:04:26-04:00   8ef09e0a76c55257323a2545c5fd0446
assets/banner-product-bg.png:
  development: 2018-11-02T16:44:16-04:00   3f12a9a96deee67802648f4f7c87f88b
assets/blue-magic-video-overlay.png:
  development: 2018-10-28T11:51:44-04:00   69bd14d52f5cff3daa4f343fd0ba3beb
assets/body-bg.jpg:
  development: 2018-11-02T16:44:20-04:00   2dcac74caf82d53f5374f7cb7d156120
assets/evenZoom.js:
  development: 2018-10-01T03:04:26-04:00   f53973856e7fb8942032c972bccc7eb2
assets/fastclick.min.js:
  development: 2018-10-01T03:04:26-04:00   4c68290ccc4d503561895dff0821621f
assets/favicon.png:
  development: 2018-10-01T03:04:26-04:00   def796884090beb79a0df39c735ce318
assets/handlebars.min.js:
  development: 2018-10-01T03:04:27-04:00   b3c11508a224ee83f86e2fc6491e9751
assets/header-bg.png:
  development: 2018-11-02T16:44:17-04:00   3b82a191315235506f2db76441c2c20a
assets/icons.eot:
  development: 2018-10-01T03:04:27-04:00   6ca7910be4907c6384489a55bd7e3062
assets/icons.json:
  development: 2018-10-01T03:04:27-04:00   69b07a1111b7736a242d32d4c046aa44
assets/icons.svg:
  development: 2018-10-01T03:04:27-04:00   6b9677caa8d55e9cf7ce051b7a340bb9
assets/icons.ttf:
  development: 2018-10-01T03:04:28-04:00   08788d0b03d0cdf4bc4571b34c8d34bb
assets/icons.woff:
  development: 2018-10-01T03:04:28-04:00   47295cd2af705c33452820f2b0ee1ced
assets/jquery.fancybox.min.css:
  development: 2018-10-01T03:04:28-04:00   1679dcd38f5d43f1ef64c0ff331af810
assets/jquery.fancybox.min.js:
  development: 2018-11-06T12:51:52-05:00   b762d7a222031899a8b3d8fa8e6a21cf
assets/jquery.flexslider.min.js:
  development: 2018-10-01T03:04:28-04:00   9ec3c315b67f434aabc4da58eabc6c3a
assets/jquery.vimeo.api.min.js:
  development: 2018-10-26T15:17:29-04:00   0f5f3c6c1ccee3cdb6c1c2da0a1ecd6c
assets/jquery.zoom.min.js:
  development: 2018-10-01T03:04:30-04:00   39dbe5d6099efe7c2e702636b8d0dcda
assets/logo.png:
  development: 2018-10-01T03:04:30-04:00   e7f2cc146b0e2cf4016419107c4d71de
assets/magnific-popup.min.js:
  development: 2018-10-01T03:04:30-04:00   f582b5a67f5dbfb2b25e0a1ea8cbb080
assets/match-media.min.js:
  development: 2018-10-01T03:04:31-04:00   9e431a1a6b7a8c12af2cef5c2a1ce14f
assets/modernizr.min.js:
  development: 2018-10-01T03:04:31-04:00   e8a7c9329f429b2b271e31c540e61075
assets/password-page-background.jpg:
  development: 2018-10-01T03:04:31-04:00   4d5821272f875e5c11dd3a8c8e1d6133
assets/respond-proxy.html:
  development: 2018-10-01T03:04:31-04:00   f750e28e1c34dfc5cd717a047df88877
assets/respond.min.js:
  development: 2018-10-01T03:04:31-04:00   a2684e9b8fa50d6d11c56a9ada068528
assets/shop.js.liquid:
  development: 2018-10-24T15:06:37-04:00   f723220e0987038321c887cb1ef1fbbc
assets/slide_1.gif:
  development: 2018-10-01T03:04:32-04:00   19004d851218ca3ddd43836753b09b81
assets/slide_2.gif:
  development: 2018-10-01T03:04:32-04:00   4486909d2903236627e23f2a8818af5a
assets/slide_3.gif:
  development: 2018-10-01T03:04:33-04:00   dac2fd25e31635895405a573e7448eab
assets/slide_5.gif:
  development: 2018-10-01T03:04:33-04:00   b858b1a24c94fae2e4abca669e376828
assets/slide_6.gif:
  development: 2018-10-01T03:04:34-04:00   9c9e72ae77c1580d037e95176b9641c0
assets/timber.scss.liquid:
  development: 2018-11-06T12:56:54-05:00   bf9f6721bcc461315bcc872ee094669e
config/settings_data.json:
  development: 2018-02-03T01:24:17-05:00   61ae5ac4c077ebe1d926782b6fd3f201
config/settings_schema.json:
  development: 2018-10-01T03:04:37-04:00   cea97e2116b8c12a590ab9ee6b9b44a4
layout/theme.liquid:
  development: 2018-11-06T12:56:16-05:00   517f179cd7f49ec210e9f12503bc5fca
locales/de.json:
  development: 2018-10-01T03:04:34-04:00   9b33e5d7a56908a24f887bacda9d8c93
locales/en.default.json:
  development: 2018-11-06T12:52:07-05:00   9a63608309eadf72833dc1711ccdc6cf
locales/es.json:
  development: 2018-10-01T03:04:34-04:00   db9e693169b7e541c9d0e01156dc754c
locales/fr.json:
  development: 2018-10-01T03:04:34-04:00   bd957626ad2d7d5e0bd14cfc0a2f6a40
locales/pt-BR.json:
  development: 2018-10-01T03:04:34-04:00   1a8a4f1b44d079091c675543a30a3610
locales/pt-PT.json:
  development: 2018-10-01T03:04:34-04:00   4c18963ac58b0341c6db2e368ad9a404
sections/featured-promotions.liquid:
  development: 2018-11-06T12:52:08-05:00   19eeb730f4f72b23cdb11c99a43d3e0c
sections/image.liquid:
  development: 2018-11-06T12:52:07-05:00   01c53c31b31018f9e945aff68754b1d1
sections/side-bar.liquid:
  development: 2018-11-06T12:52:08-05:00   56b5437eb203c4aa3bc77b49e86a9f41
sections/vimeo_video.liquid:
  development: 2018-11-06T12:52:07-05:00   e42d058b97bd26ddff5fb1e1bf61d9a5
snippets/advanced-tag-loop.liquid:
  development: 2018-10-01T03:04:34-04:00   cd9725f80a883782e2de4fd1f652079c
snippets/ajax-cart-template.liquid:
  development: 2018-10-01T03:04:34-04:00   dfe2f802f2e8da8dd2f81e99aab35fd3
snippets/blog-sidebar.liquid:
  development: 2018-10-01T03:04:35-04:00   58c5085b012c927d6cf22d2662b7b0c2
snippets/breadcrumb.liquid:
  development: 2018-10-01T03:04:35-04:00   12b4e92b7a4071c5a038d67a3ea2b029
snippets/collection-grid-item.liquid:
  development: 2018-10-01T03:04:35-04:00   9a3fe20f1ef37cf9f6d703a92097c8ec
snippets/collection-list-item.liquid:
  development: 2018-10-01T03:04:35-04:00   3bba8f9e3cd836265c195dc4b9fd49d3
snippets/collection-sidebar.liquid:
  development: 2018-10-01T03:04:35-04:00   93474dd61ae4702efc48e13407bfad55
snippets/collection-sorting.liquid:
  development: 2018-10-01T03:04:35-04:00   47fc9865d11eaf0e3e2bcb702105f298
snippets/collection-views.liquid:
  development: 2018-10-01T03:04:35-04:00   d442980f19d4587637ddbf82151bc6a2
snippets/comment.liquid:
  development: 2018-10-01T03:04:35-04:00   f05ec37200b573bd7af44200c40e441c
snippets/featured-collection.liquid:
  development: 2018-10-01T03:04:35-04:00   32bb9d0aa40741d14b8ae53f1779b781
snippets/featured-row.liquid:
  development: 2018-10-01T03:04:35-04:00   74cabad80fa0719ad180ab8278c9aac1
snippets/form-errors-custom.liquid:
  development: 2018-10-01T03:04:35-04:00   0fbedc7b8793c57ba7ebe6eda4714c7b
snippets/google-fonts.liquid:
  development: 2018-10-01T03:04:35-04:00   27251a1473b2ad0c092c4e38a49dacb5
snippets/home-content.liquid:
  development: 2018-10-01T03:04:35-04:00   ab6e49fa4f1f369e3086c5a98d117dad
snippets/home-featured-collections.liquid:
  development: 2018-10-01T03:04:35-04:00   efd6adbb215c8a786779827a421f9923
snippets/home-featured-rows.liquid:
  development: 2018-10-01T03:04:35-04:00   a89d61a58c2ad3d7edb2310719740d72
snippets/newsletter-form.liquid:
  development: 2018-10-01T03:04:35-04:00   dbba828e0d94d0578a61c7e8a4777afe
snippets/oldIE-js.liquid:
  development: 2018-10-01T03:04:35-04:00   11909dd36f930c1e2043367d7e264788
snippets/open-graph-tags.liquid:
  development: 2018-10-01T03:04:35-04:00   09ca8cfeb8659c23b68ba9ab7f0332f6
snippets/pagination-custom.liquid:
  development: 2018-10-01T03:04:35-04:00   4d1ca5c57944903250592098b01c0ddb
snippets/price-sale.liquid:
  development: 2018-10-01T03:04:35-04:00   f8dd69ee9e6a6b1391e83e292f1ec877
snippets/price.liquid:
  development: 2018-10-01T03:04:35-04:00   94fef1e1485684c986b2aaee7db3f6cf
snippets/product-grid-item.liquid:
  development: 2018-10-01T03:04:35-04:00   ec9406dd47b4d96823b44d6dc9ce858a
snippets/product-list-item.liquid:
  development: 2018-10-01T03:04:35-04:00   b01cf2a18708025f7d6afa7047e653ed
snippets/related-product-other.liquid:
  development: 2018-10-01T03:04:35-04:00   66560fa8bf4d9dcbe50b63b8021bf747
snippets/related-products-tags.liquid:
  development: 2018-10-16T22:23:27-04:00   73b613738eeddae8e4bb2f90c65ea555
snippets/related-products.liquid:
  development: 2018-10-01T03:04:36-04:00   fd690eff6367b96fca61f04fa7a14a89
snippets/related-prosthetic-products-tags.liquid:
  development: 2018-10-01T03:04:36-04:00   c9f8e2daca9ef9e83bd99ae137c22ed0
snippets/related-surgical-products-tags.liquid:
  development: 2018-10-01T03:04:36-04:00   10a057d242882640d5429cd1e431da4f
snippets/respond.liquid:
  development: 2018-10-01T03:04:36-04:00   296108cb94e6cb82d515ebb93308ef68
snippets/search-bar.liquid:
  development: 2018-10-01T03:04:36-04:00   f943122e05065a07d45a9f55253fbfe9
snippets/search-result-grid.liquid:
  development: 2018-10-01T03:04:36-04:00   88db6753fbaf1cc2849905195246b335
snippets/search-result.liquid:
  development: 2018-10-01T03:04:36-04:00   bb60eb0cbb377f073d21a04f64aa135d
snippets/site-nav.liquid:
  development: 2018-11-06T12:52:25-05:00   4844a82d8df10faa2655a0c346825ff8
snippets/slider.liquid:
  development: 2018-10-01T03:04:36-04:00   6894f064fd69fd861185eb242e041d9c
snippets/social-sharing.liquid:
  development: 2018-10-01T03:04:36-04:00   93af1725488cdb1bc2021a5ab28cae83
snippets/svg-definitions.liquid:
  development: 2018-10-01T03:04:36-04:00   fe4fbc64d534e355fd8653de4ebac79a
snippets/tags-article.liquid:
  development: 2018-10-01T03:04:36-04:00   120135d63ee0fb78c22e0cc43b388cd8
snippets/toggle-filters.liquid:
  development: 2018-10-01T03:04:36-04:00   c37af0c27a3ca79684543cd280dc4fea
snippets/twitter-card.liquid:
  development: 2018-10-01T03:04:36-04:00   1b219a4aa1cc100bd97491d69b193c50
templates/404.liquid:
  development: 2018-10-01T03:04:36-04:00   2931cfb31594cb6c60dd6055defdb260
templates/article.liquid:
  development: 2018-10-01T03:04:36-04:00   cc866fa2e2ebd97ef39ef95851ca4509
templates/blog.liquid:
  development: 2018-11-06T12:52:30-05:00   648ee1f953976e905d692127b2faa267
templates/cart.liquid:
  development: 2018-10-01T03:04:36-04:00   287d9a0490c26e65c416360722d8b520
templates/collection.liquid:
  development: 2018-10-01T03:04:36-04:00   18c067f62e80c1f766becff19e2f40e1
templates/collection.list.liquid:
  development: 2018-10-01T03:04:36-04:00   c7767c4c7c69efd688510023151c20a0
templates/customers/account.liquid:
  development: 2018-10-01T03:04:36-04:00   e63a5c9c284cfd5ce284e852154069d8
templates/customers/activate_account.liquid:
  development: 2018-10-01T03:04:36-04:00   1d298b29ccdc2e75ce3b91b12ecbe063
templates/customers/addresses.liquid:
  development: 2018-10-01T03:04:37-04:00   56304c873dfc0b71cb87f745543ef296
templates/customers/login.liquid:
  development: 2018-10-01T03:04:37-04:00   12a2b008cf986c65bffec613f4bc488a
templates/customers/order.liquid:
  development: 2018-10-01T03:04:37-04:00   7f0ae38d8bd058d0c0dcea9133c23d1d
templates/customers/register.liquid:
  development: 2018-10-01T03:04:37-04:00   0a3224e8ebb8c32452a9337841052f1d
templates/customers/reset_password.liquid:
  development: 2018-10-01T03:04:37-04:00   13689494286b2143deaf8e10f60e0e94
templates/gift_card.liquid:
  development: 2018-10-01T03:04:37-04:00   e9c13e6e972f5ee1154bf77535dfa7dd
templates/index.liquid:
  development: 2018-11-06T12:52:35-05:00   56b51b6f96394db4b17c64b43e1c0010
templates/list-collections.liquid:
  development: 2018-10-01T03:04:37-04:00   e87ef306fab1637c64d5c62d5e09ddf5
templates/page.contact.liquid:
  development: 2018-10-01T03:04:37-04:00   f62bcf84b6cb34133297dadcab355924
templates/page.liquid:
  development: 2018-10-01T03:04:37-04:00   9e264d02df278c51d9d1a0083da16189
templates/page.list-collections.liquid:
  development: 2018-10-01T03:04:37-04:00   15ad2844120e2757eb4ce5fc4c60b2db
templates/page.regular-video.liquid:
  development: 2018-10-03T02:44:07-04:00   9e264d02df278c51d9d1a0083da16189
templates/page.regular.liquid:
  development: 2018-11-06T12:52:36-05:00   70188834e155f16899ad327156ae38dd
templates/page.shop_index.liquid:
  development: 2018-11-06T12:52:38-05:00   5d7c4fa7159b8ba375fa2dcd34fb24da
templates/password.liquid:
  development: 2018-10-01T03:04:37-04:00   06c906a44901cdf14e5ebd35d9d44c22
templates/product.liquid:
  development: 2018-11-15T16:09:56-05:00   ea631b61b708e1e0859e7b92c9e29013
templates/search.liquid:
  development: 2018-10-01T03:04:37-04:00   fbd64c43c245c1fc343bbc4c28703fb0
