# THIS IS AN AUTOGENERATED FILE. DO NOT EDIT THIS FILE DIRECTLY.
assets/3.2_implant_cutaway_view.jpg:
  development: 2018-04-23T15:50:54-04:00   3138e3ae1bab7481fffeb5d00af2b9b7
assets/3.8animation.mp4:
  development: 2018-04-18T16:45:33-04:00   b2218bd8d883c42bce651058fac85eb4
assets/SkinnySkit6_1.gif:
  development: 2016-12-29T00:31:27-05:00   d352e2d9dd10909e1398044210e85437
assets/Slide_4.gif:
  development: 2016-12-29T00:31:28-05:00   d352e2d9dd10909e1398044210e85437
assets/ajaxify.js.liquid:
  development: 2016-12-29T00:31:24-05:00   0cb0b13d9bb9563f30d6a2eaaa8c9cbb
assets/ajaxify.scss.liquid:
  development: 2016-12-29T00:31:24-05:00   abe1d840d3e59232d2550f27c79f432a
assets/animation.gif:
  development: 2018-06-26T13:14:34-04:00   67f3bc6f7d4843033c0950e598f19049
assets/animation_r6_00000.jpg:
  development: 2018-06-28T17:08:02-04:00   a8390b9a0250639194ef801dea7c0d66
assets/arrow-down.svg.liquid:
  development: 2016-12-29T00:31:24-05:00   8ef09e0a76c55257323a2545c5fd0446
assets/fastclick.min.js:
  development: 2016-12-29T00:31:24-05:00   4c68290ccc4d503561895dff0821621f
assets/favicon.png:
  development: 2016-12-29T00:31:24-05:00   def796884090beb79a0df39c735ce318
assets/handlebars.min.js:
  development: 2016-12-29T00:31:25-05:00   b3c11508a224ee83f86e2fc6491e9751
assets/icons.eot:
  development: 2016-12-29T00:31:25-05:00   6ca7910be4907c6384489a55bd7e3062
assets/icons.json:
  development: 2018-06-28T15:56:51-04:00   69b07a1111b7736a242d32d4c046aa44
assets/icons.svg:
  development: 2016-12-29T00:31:25-05:00   6b9677caa8d55e9cf7ce051b7a340bb9
assets/icons.ttf:
  development: 2016-12-29T00:31:25-05:00   08788d0b03d0cdf4bc4571b34c8d34bb
assets/icons.woff:
  development: 2016-12-29T00:31:25-05:00   47295cd2af705c33452820f2b0ee1ced
assets/jquery.fancybox.min.css:
  development: 2018-06-26T13:07:42-04:00   1679dcd38f5d43f1ef64c0ff331af810
assets/jquery.fancybox.min.js:
  development: 2018-06-26T13:07:43-04:00   b762d7a222031899a8b3d8fa8e6a21cf
assets/jquery.flexslider.min.js:
  development: 2016-12-29T00:31:25-05:00   9ec3c315b67f434aabc4da58eabc6c3a
assets/jquery.zoom.min.js:
  development: 2016-12-29T00:31:25-05:00   39dbe5d6099efe7c2e702636b8d0dcda
assets/logo.png:
  development: 2016-12-29T00:31:25-05:00   e7f2cc146b0e2cf4016419107c4d71de
assets/magnific-popup.min.js:
  development: 2016-12-29T00:31:25-05:00   f582b5a67f5dbfb2b25e0a1ea8cbb080
assets/match-media.min.js:
  development: 2016-12-29T00:31:26-05:00   9e431a1a6b7a8c12af2cef5c2a1ce14f
assets/modernizr.min.js:
  development: 2016-12-29T00:31:26-05:00   e8a7c9329f429b2b271e31c540e61075
assets/password-page-background.jpg:
  development: 2016-12-29T00:31:26-05:00   4d5821272f875e5c11dd3a8c8e1d6133
assets/respond-proxy.html:
  development: 2016-12-29T00:31:26-05:00   f750e28e1c34dfc5cd717a047df88877
assets/respond.min.js:
  development: 2016-12-29T00:31:26-05:00   a2684e9b8fa50d6d11c56a9ada068528
assets/shop.js.liquid:
  development: 2018-03-01T01:42:38-05:00   5aeb2e2f66fc9e761bc586e8ae6df24d
assets/slide_1.gif:
  development: 2016-12-29T00:31:27-05:00   19004d851218ca3ddd43836753b09b81
assets/slide_2.gif:
  development: 2017-12-28T09:28:24-05:00   4486909d2903236627e23f2a8818af5a
assets/slide_3.gif:
  development: 2016-12-29T00:31:27-05:00   dac2fd25e31635895405a573e7448eab
assets/slide_5.gif:
  development: 2017-10-09T14:26:53-04:00   b858b1a24c94fae2e4abca669e376828
assets/slide_6.gif:
  development: 2016-12-29T00:31:28-05:00   9c9e72ae77c1580d037e95176b9641c0
assets/timber.scss.liquid:
  development: 2018-06-28T16:06:37-04:00   9474a608a163e6de6fca04de61fad2f9
config/settings_data.json:
  development: 2018-02-03T01:24:17-05:00   61ae5ac4c077ebe1d926782b6fd3f201
config/settings_schema.json:
  development: 2017-01-17T00:22:54-05:00   cea97e2116b8c12a590ab9ee6b9b44a4
layout/theme.liquid:
  development: 2018-06-28T16:04:42-04:00   91d4922562ebb59f22709c8c438aaa5a
locales/de.json:
  development: 2018-06-28T15:57:05-04:00   9b33e5d7a56908a24f887bacda9d8c93
locales/en.default.json:
  development: 2017-02-07T16:00:06-05:00   bb2ecd3ec1f56e56e0aae275c46b0756
locales/es.json:
  development: 2018-06-28T15:57:05-04:00   db9e693169b7e541c9d0e01156dc754c
locales/fr.json:
  development: 2018-06-28T15:57:06-04:00   bd957626ad2d7d5e0bd14cfc0a2f6a40
locales/pt-BR.json:
  development: 2018-06-28T15:57:07-04:00   1a8a4f1b44d079091c675543a30a3610
locales/pt-PT.json:
  development: 2018-06-28T15:57:07-04:00   4c18963ac58b0341c6db2e368ad9a404
snippets/advanced-tag-loop.liquid:
  development: 2016-12-29T00:31:28-05:00   cd9725f80a883782e2de4fd1f652079c
snippets/ajax-cart-template.liquid:
  development: 2016-12-29T00:31:29-05:00   dfe2f802f2e8da8dd2f81e99aab35fd3
snippets/blog-sidebar.liquid:
  development: 2016-12-29T00:31:29-05:00   58c5085b012c927d6cf22d2662b7b0c2
snippets/breadcrumb.liquid:
  development: 2016-12-29T00:31:29-05:00   12b4e92b7a4071c5a038d67a3ea2b029
snippets/collection-grid-item.liquid:
  development: 2016-12-29T00:31:29-05:00   9a3fe20f1ef37cf9f6d703a92097c8ec
snippets/collection-list-item.liquid:
  development: 2017-02-17T06:27:53-05:00   3bba8f9e3cd836265c195dc4b9fd49d3
snippets/collection-sidebar.liquid:
  development: 2016-12-29T00:31:29-05:00   93474dd61ae4702efc48e13407bfad55
snippets/collection-sorting.liquid:
  development: 2016-12-29T00:31:29-05:00   47fc9865d11eaf0e3e2bcb702105f298
snippets/collection-views.liquid:
  development: 2016-12-29T00:31:29-05:00   d442980f19d4587637ddbf82151bc6a2
snippets/comment.liquid:
  development: 2016-12-29T00:31:29-05:00   f05ec37200b573bd7af44200c40e441c
snippets/featured-collection.liquid:
  development: 2016-12-29T00:31:29-05:00   32bb9d0aa40741d14b8ae53f1779b781
snippets/featured-row.liquid:
  development: 2016-12-29T00:31:29-05:00   74cabad80fa0719ad180ab8278c9aac1
snippets/form-errors-custom.liquid:
  development: 2016-12-29T00:31:29-05:00   0fbedc7b8793c57ba7ebe6eda4714c7b
snippets/google-fonts.liquid:
  development: 2016-12-29T00:31:29-05:00   27251a1473b2ad0c092c4e38a49dacb5
snippets/home-content.liquid:
  development: 2016-12-29T00:31:29-05:00   ab6e49fa4f1f369e3086c5a98d117dad
snippets/home-featured-collections.liquid:
  development: 2016-12-29T00:31:29-05:00   efd6adbb215c8a786779827a421f9923
snippets/home-featured-rows.liquid:
  development: 2016-12-29T00:31:29-05:00   a89d61a58c2ad3d7edb2310719740d72
snippets/newsletter-form.liquid:
  development: 2016-12-29T00:31:29-05:00   dbba828e0d94d0578a61c7e8a4777afe
snippets/oldIE-js.liquid:
  development: 2016-12-29T00:31:29-05:00   11909dd36f930c1e2043367d7e264788
snippets/open-graph-tags.liquid:
  development: 2016-12-29T00:31:29-05:00   09ca8cfeb8659c23b68ba9ab7f0332f6
snippets/pagination-custom.liquid:
  development: 2016-12-29T00:31:29-05:00   4d1ca5c57944903250592098b01c0ddb
snippets/price-sale.liquid:
  development: 2016-12-29T00:31:29-05:00   f8dd69ee9e6a6b1391e83e292f1ec877
snippets/price.liquid:
  development: 2016-12-29T00:31:29-05:00   94fef1e1485684c986b2aaee7db3f6cf
snippets/product-grid-item.liquid:
  development: 2017-03-24T10:32:46-04:00   dc39e3d7f042cb6a12086c5fbf444c6b
snippets/product-list-item.liquid:
  development: 2016-12-29T00:31:29-05:00   b01cf2a18708025f7d6afa7047e653ed
snippets/related-product-other.liquid:
  development: 2018-03-14T21:23:15-04:00   66560fa8bf4d9dcbe50b63b8021bf747
snippets/related-products-tags.liquid:
  development: 2018-02-23T02:55:18-05:00   6bd4bf148da6dd23650fd91a3b7a3342
snippets/related-products.liquid:
  development: 2016-12-29T00:31:29-05:00   fd690eff6367b96fca61f04fa7a14a89
snippets/related-prosthetic-products-tags.liquid:
  development: 2018-03-06T21:01:39-05:00   c9f8e2daca9ef9e83bd99ae137c22ed0
snippets/related-surgical-products-tags.liquid:
  development: 2018-03-02T02:18:08-05:00   10a057d242882640d5429cd1e431da4f
snippets/respond.liquid:
  development: 2016-12-29T00:31:29-05:00   296108cb94e6cb82d515ebb93308ef68
snippets/search-bar.liquid:
  development: 2016-12-29T00:31:29-05:00   f943122e05065a07d45a9f55253fbfe9
snippets/search-result-grid.liquid:
  development: 2016-12-29T00:31:29-05:00   88db6753fbaf1cc2849905195246b335
snippets/search-result.liquid:
  development: 2016-12-29T00:31:29-05:00   bb60eb0cbb377f073d21a04f64aa135d
snippets/site-nav.liquid:
  development: 2016-12-29T00:31:29-05:00   45ca4bfb82d0459f4fa4c7297a98dcbb
snippets/slider.liquid:
  development: 2016-12-29T00:31:29-05:00   6894f064fd69fd861185eb242e041d9c
snippets/social-sharing.liquid:
  development: 2016-12-29T00:31:29-05:00   93af1725488cdb1bc2021a5ab28cae83
snippets/svg-definitions.liquid:
  development: 2016-12-29T00:31:29-05:00   fe4fbc64d534e355fd8653de4ebac79a
snippets/tags-article.liquid:
  development: 2016-12-29T00:31:29-05:00   120135d63ee0fb78c22e0cc43b388cd8
snippets/toggle-filters.liquid:
  development: 2016-12-29T00:31:29-05:00   c37af0c27a3ca79684543cd280dc4fea
snippets/twitter-card.liquid:
  development: 2016-12-29T00:31:29-05:00   1b219a4aa1cc100bd97491d69b193c50
templates/404.liquid:
  development: 2016-12-29T00:31:29-05:00   2931cfb31594cb6c60dd6055defdb260
templates/article.liquid:
  development: 2016-12-29T00:31:29-05:00   cc866fa2e2ebd97ef39ef95851ca4509
templates/blog.liquid:
  development: 2016-12-29T00:31:29-05:00   9279326c14cb49ab9a0dd81402245f71
templates/cart.liquid:
  development: 2016-12-29T00:31:29-05:00   287d9a0490c26e65c416360722d8b520
templates/collection.liquid:
  development: 2018-04-18T16:52:55-04:00   57e55182fa399a1c25c1f2ffba5b597b
templates/collection.list.liquid:
  development: 2016-12-29T00:31:29-05:00   cbdc78a237a1dacecf53010d2280b415
templates/customers/account.liquid:
  development: 2016-12-29T00:31:29-05:00   e63a5c9c284cfd5ce284e852154069d8
templates/customers/activate_account.liquid:
  development: 2016-12-29T00:31:29-05:00   1d298b29ccdc2e75ce3b91b12ecbe063
templates/customers/addresses.liquid:
  development: 2016-12-29T00:31:29-05:00   56304c873dfc0b71cb87f745543ef296
templates/customers/login.liquid:
  development: 2016-12-29T00:31:29-05:00   12a2b008cf986c65bffec613f4bc488a
templates/customers/order.liquid:
  development: 2016-12-29T00:31:29-05:00   7f0ae38d8bd058d0c0dcea9133c23d1d
templates/customers/register.liquid:
  development: 2016-12-29T00:31:29-05:00   0a3224e8ebb8c32452a9337841052f1d
templates/customers/reset_password.liquid:
  development: 2016-12-29T00:31:29-05:00   13689494286b2143deaf8e10f60e0e94
templates/gift_card.liquid:
  development: 2016-12-29T00:31:29-05:00   e9c13e6e972f5ee1154bf77535dfa7dd
templates/index.liquid:
  development: 2018-01-30T23:42:21-05:00   a15f3321ed6e20efc025b22ad9465487
templates/list-collections.liquid:
  development: 2016-12-29T00:31:29-05:00   e87ef306fab1637c64d5c62d5e09ddf5
templates/page.contact.liquid:
  development: 2016-12-29T00:31:29-05:00   f62bcf84b6cb34133297dadcab355924
templates/page.liquid:
  development: 2016-12-29T00:31:29-05:00   9e264d02df278c51d9d1a0083da16189
templates/page.list-collections.liquid:
  development: 2016-12-29T00:31:29-05:00   15ad2844120e2757eb4ce5fc4c60b2db
templates/password.liquid:
  development: 2016-12-29T00:31:29-05:00   06c906a44901cdf14e5ebd35d9d44c22
templates/product.liquid:
  development: 2018-07-13T12:55:33-04:00   327565d7586e3554046c4c8e13357837
templates/search.liquid:
  development: 2016-12-29T00:31:29-05:00   fbd64c43c245c1fc343bbc4c28703fb0
